
Microsoft Visual Studio Solution File, Format Version 12.00
# Visual Studio Version 17
VisualStudioVersion = 17.4.33110.190
MinimumVisualStudioVersion = 10.0.40219.1
Project("{FAE04EC0-301F-11D3-BF4B-00C04F79EFBC}") = "Authn", "Authn\Authn.csproj", "{81CD7017-BD8A-4AEF-A5C8-DAB211658903}"
EndProject
Global
	GlobalSection(SolutionConfigurationPlatforms) = preSolution
		Debug|Any CPU = Debug|Any CPU
		Release|Any CPU = Release|Any CPU
	EndGlobalSection
	GlobalSection(ProjectConfigurationPlatforms) = postSolution
		{81CD7017-BD8A-4AEF-A5C8-DAB211658903}.Debug|Any CPU.ActiveCfg = Debug|Any CPU
		{81CD7017-BD8A-4AEF-A5C8-DAB211658903}.Debug|Any CPU.Build.0 = Debug|Any CPU
		{81CD7017-BD8A-4AEF-A5C8-DAB211658903}.Release|Any CPU.ActiveCfg = Release|Any CPU
		{81CD7017-BD8A-4AEF-A5C8-DAB211658903}.Release|Any CPU.Build.0 = Release|Any CPU
	EndGlobalSection
	GlobalSection(SolutionProperties) = preSolution
		HideSolutionNode = FALSE
	EndGlobalSection
	GlobalSection(ExtensibilityGlobals) = postSolution
		SolutionGuid = {6421BBDA-D5E1-4FA7-880A-FBDF67BE4FDE}
	EndGlobalSection
EndGlobal
